
Microsoft Visual Studio Solution File, Format Version 12.00
# Visual Studio 15
VisualStudioVersion = 15.0.28307.1401
MinimumVisualStudioVersion = 10.0.40219.1
Project("{8BC9CEB8-8B4A-11D0-8D11-00A0C91BC942}") = "ZXing", "core\ZXing.vcxproj", "{9766DA23-1C42-3871-929A-ACDFA6AF30FF}"
EndProject
Global
	GlobalSection(SolutionConfigurationPlatforms) = preSolution
		Debug|Win32 = Debug|Win32
		Debug|x64 = Debug|x64
		Release|Win32 = Release|Win32
		Release|x64 = Release|x64
	EndGlobalSection
	GlobalSection(ProjectConfigurationPlatforms) = postSolution
		{9766DA23-1C42-3871-929A-ACDFA6AF30FF}.Debug|Win32.ActiveCfg = Debug|Win32
		{9766DA23-1C42-3871-929A-ACDFA6AF30FF}.Debug|Win32.Build.0 = Debug|Win32
		{9766DA23-1C42-3871-929A-ACDFA6AF30FF}.Debug|x64.ActiveCfg = Debug|x64
		{9766DA23-1C42-3871-929A-ACDFA6AF30FF}.Debug|x64.Build.0 = Debug|x64
		{9766DA23-1C42-3871-929A-ACDFA6AF30FF}.Release|Win32.ActiveCfg = Release|Win32
		{9766DA23-1C42-3871-929A-ACDFA6AF30FF}.Release|Win32.Build.0 = Release|Win32
		{9766DA23-1C42-3871-929A-ACDFA6AF30FF}.Release|x64.ActiveCfg = Release|x64
		{9766DA23-1C42-3871-929A-ACDFA6AF30FF}.Release|x64.Build.0 = Release|x64
	EndGlobalSection
	GlobalSection(SolutionProperties) = preSolution
		HideSolutionNode = FALSE
	EndGlobalSection
	GlobalSection(ExtensibilityGlobals) = postSolution
		SolutionGuid = {719D8D60-0F61-31EC-B227-B440BC591F20}
	EndGlobalSection
EndGlobal
